
Microsoft Visual Studio Solution File, Format Version 12.00
# Visual Studio 14
VisualStudioVersion = 14.0.24720.0
MinimumVisualStudioVersion = 10.0.40219.1
Project("{FAE04EC0-301F-11D3-BF4B-00C04F79EFBC}") = "SlnConstructor", "SlnConstructor\SlnConstructor.csproj", "{D04C19D1-C68E-4540-8B4B-DC59C5DB3BF9}"
EndProject
Project("{FAE04EC0-301F-11D3-BF4B-00C04F79EFBC}") = "SlnConstructor.Core", "SlnConstructor.Core\SlnConstructor.Core.csproj", "{8883557F-74F8-4488-89DE-2DEEE5D1FF9E}"
EndProject
Project("{FAE04EC0-301F-11D3-BF4B-00C04F79EFBC}") = "SlnConstructor.Tests", "SlnConstructor.Tests\SlnConstructor.Tests.csproj", "{595F51D7-443A-4082-84A0-EB038580A08A}"
EndProject
Project("{2150E333-8FDC-42A3-9474-1A3956D46DE8}") = "Solution Items", "Solution Items", "{0EC222C8-4E61-406C-8BD0-5761B333DBD7}"
	ProjectSection(SolutionItems) = preProject
		SlnConstructor\PreliminarySpecs.txt = SlnConstructor\PreliminarySpecs.txt
	EndProjectSection
EndProject
Global
	GlobalSection(SolutionConfigurationPlatforms) = preSolution
		Debug|Any CPU = Debug|Any CPU
		Release|Any CPU = Release|Any CPU
	EndGlobalSection
	GlobalSection(ProjectConfigurationPlatforms) = postSolution
		{D04C19D1-C68E-4540-8B4B-DC59C5DB3BF9}.Debug|Any CPU.ActiveCfg = Debug|Any CPU
		{D04C19D1-C68E-4540-8B4B-DC59C5DB3BF9}.Debug|Any CPU.Build.0 = Debug|Any CPU
		{D04C19D1-C68E-4540-8B4B-DC59C5DB3BF9}.Release|Any CPU.ActiveCfg = Release|Any CPU
		{D04C19D1-C68E-4540-8B4B-DC59C5DB3BF9}.Release|Any CPU.Build.0 = Release|Any CPU
		{8883557F-74F8-4488-89DE-2DEEE5D1FF9E}.Debug|Any CPU.ActiveCfg = Debug|Any CPU
		{8883557F-74F8-4488-89DE-2DEEE5D1FF9E}.Debug|Any CPU.Build.0 = Debug|Any CPU
		{8883557F-74F8-4488-89DE-2DEEE5D1FF9E}.Release|Any CPU.ActiveCfg = Release|Any CPU
		{8883557F-74F8-4488-89DE-2DEEE5D1FF9E}.Release|Any CPU.Build.0 = Release|Any CPU
		{595F51D7-443A-4082-84A0-EB038580A08A}.Debug|Any CPU.ActiveCfg = Debug|Any CPU
		{595F51D7-443A-4082-84A0-EB038580A08A}.Debug|Any CPU.Build.0 = Debug|Any CPU
		{595F51D7-443A-4082-84A0-EB038580A08A}.Release|Any CPU.ActiveCfg = Release|Any CPU
		{595F51D7-443A-4082-84A0-EB038580A08A}.Release|Any CPU.Build.0 = Release|Any CPU
	EndGlobalSection
	GlobalSection(SolutionProperties) = preSolution
		HideSolutionNode = FALSE
	EndGlobalSection
EndGlobal
